
Microsoft Visual Studio Solution File, Format Version 12.00
# Visual Studio Version 16
VisualStudioVersion = 16.0.31321.278
MinimumVisualStudioVersion = 10.0.40219.1
Project("{9A19103F-16F7-4668-BE54-9A1E7A4F7556}") = "SentimentAnalysis", "SentimentAnalysis\SentimentAnalysis.csproj", "{04B9FFC4-3B02-4D28-A0DF-579D2687A9BC}"
EndProject
Project("{9A19103F-16F7-4668-BE54-9A1E7A4F7556}") = "SentimentAnalysisML.Model", "SentimentAnalysisML.Model\SentimentAnalysisML.Model.csproj", "{0B9BB80A-04E2-48E1-80B9-814D3BBB65B2}"
EndProject
Project("{9A19103F-16F7-4668-BE54-9A1E7A4F7556}") = "SentimentAnalysisML.ConsoleApp", "SentimentAnalysisML.ConsoleApp\SentimentAnalysisML.ConsoleApp.csproj", "{77D5AC20-4D5C-48F1-8F18-632CA2563CAE}"
EndProject
Global
	GlobalSection(SolutionConfigurationPlatforms) = preSolution
		Debug|Any CPU = Debug|Any CPU
		Release|Any CPU = Release|Any CPU
	EndGlobalSection
	GlobalSection(ProjectConfigurationPlatforms) = postSolution
		{04B9FFC4-3B02-4D28-A0DF-579D2687A9BC}.Debug|Any CPU.ActiveCfg = Debug|Any CPU
		{04B9FFC4-3B02-4D28-A0DF-579D2687A9BC}.Debug|Any CPU.Build.0 = Debug|Any CPU
		{04B9FFC4-3B02-4D28-A0DF-579D2687A9BC}.Release|Any CPU.ActiveCfg = Release|Any CPU
		{04B9FFC4-3B02-4D28-A0DF-579D2687A9BC}.Release|Any CPU.Build.0 = Release|Any CPU
		{0B9BB80A-04E2-48E1-80B9-814D3BBB65B2}.Debug|Any CPU.ActiveCfg = Debug|Any CPU
		{0B9BB80A-04E2-48E1-80B9-814D3BBB65B2}.Debug|Any CPU.Build.0 = Debug|Any CPU
		{0B9BB80A-04E2-48E1-80B9-814D3BBB65B2}.Release|Any CPU.ActiveCfg = Release|Any CPU
		{0B9BB80A-04E2-48E1-80B9-814D3BBB65B2}.Release|Any CPU.Build.0 = Release|Any CPU
		{77D5AC20-4D5C-48F1-8F18-632CA2563CAE}.Debug|Any CPU.ActiveCfg = Debug|Any CPU
		{77D5AC20-4D5C-48F1-8F18-632CA2563CAE}.Debug|Any CPU.Build.0 = Debug|Any CPU
		{77D5AC20-4D5C-48F1-8F18-632CA2563CAE}.Release|Any CPU.ActiveCfg = Release|Any CPU
		{77D5AC20-4D5C-48F1-8F18-632CA2563CAE}.Release|Any CPU.Build.0 = Release|Any CPU
	EndGlobalSection
	GlobalSection(SolutionProperties) = preSolution
		HideSolutionNode = FALSE
	EndGlobalSection
	GlobalSection(ExtensibilityGlobals) = postSolution
		SolutionGuid = {6174C9BE-9949-4D30-BC5F-04CE1E0BC1FC}
	EndGlobalSection
EndGlobal
